
Microsoft Visual Studio Solution File, Format Version 12.00
# Visual Studio Version 17
VisualStudioVersion = 17.13.35828.75 d17.13
MinimumVisualStudioVersion = 10.0.40219.1
Project("{FAE04EC0-301F-11D3-BF4B-00C04F79EFBC}") = "ConsoleApp2", "ConsoleApp2\ConsoleApp2.csproj", "{15481C07-1619-40D0-A6F8-2574764D3B13}"
EndProject
Global
	GlobalSection(SolutionConfigurationPlatforms) = preSolution
		Debug|Any CPU = Debug|Any CPU
		Release|Any CPU = Release|Any CPU
	EndGlobalSection
	GlobalSection(ProjectConfigurationPlatforms) = postSolution
		{15481C07-1619-40D0-A6F8-2574764D3B13}.Debug|Any CPU.ActiveCfg = Debug|Any CPU
		{15481C07-1619-40D0-A6F8-2574764D3B13}.Debug|Any CPU.Build.0 = Debug|Any CPU
		{15481C07-1619-40D0-A6F8-2574764D3B13}.Release|Any CPU.ActiveCfg = Release|Any CPU
		{15481C07-1619-40D0-A6F8-2574764D3B13}.Release|Any CPU.Build.0 = Release|Any CPU
	EndGlobalSection
	GlobalSection(SolutionProperties) = preSolution
		HideSolutionNode = FALSE
	EndGlobalSection
	GlobalSection(ExtensibilityGlobals) = postSolution
		SolutionGuid = {0D2CCDBC-90BD-4219-A745-EE40B7CB4DD4}
	EndGlobalSection
EndGlobal
