
Microsoft Visual Studio Solution File, Format Version 12.00
# Visual Studio Version 17
VisualStudioVersion = 17.13.35828.75 d17.13
MinimumVisualStudioVersion = 10.0.40219.1
Project("{FAE04EC0-301F-11D3-BF4B-00C04F79EFBC}") = "FibonacciFor", "FibonacciFor\FibonacciFor.csproj", "{6678D416-CDF7-4E65-ABAB-A669333EC27A}"
EndProject
Global
	GlobalSection(SolutionConfigurationPlatforms) = preSolution
		Debug|Any CPU = Debug|Any CPU
		Release|Any CPU = Release|Any CPU
	EndGlobalSection
	GlobalSection(ProjectConfigurationPlatforms) = postSolution
		{6678D416-CDF7-4E65-ABAB-A669333EC27A}.Debug|Any CPU.ActiveCfg = Debug|Any CPU
		{6678D416-CDF7-4E65-ABAB-A669333EC27A}.Debug|Any CPU.Build.0 = Debug|Any CPU
		{6678D416-CDF7-4E65-ABAB-A669333EC27A}.Release|Any CPU.ActiveCfg = Release|Any CPU
		{6678D416-CDF7-4E65-ABAB-A669333EC27A}.Release|Any CPU.Build.0 = Release|Any CPU
	EndGlobalSection
	GlobalSection(SolutionProperties) = preSolution
		HideSolutionNode = FALSE
	EndGlobalSection
	GlobalSection(ExtensibilityGlobals) = postSolution
		SolutionGuid = {FE7DD9DF-03ED-43CE-AF84-DB53DC0682BB}
	EndGlobalSection
EndGlobal
