
Microsoft Visual Studio Solution File, Format Version 12.00
# Visual Studio Version 17
VisualStudioVersion = 17.13.35828.75 d17.13
MinimumVisualStudioVersion = 10.0.40219.1
Project("{FAE04EC0-301F-11D3-BF4B-00C04F79EFBC}") = "WhileDoTriangle", "WhileDoTriangle\WhileDoTriangle.csproj", "{9DC76912-58A5-480E-B0B4-CBFA6C9BDEE0}"
EndProject
Global
	GlobalSection(SolutionConfigurationPlatforms) = preSolution
		Debug|Any CPU = Debug|Any CPU
		Release|Any CPU = Release|Any CPU
	EndGlobalSection
	GlobalSection(ProjectConfigurationPlatforms) = postSolution
		{9DC76912-58A5-480E-B0B4-CBFA6C9BDEE0}.Debug|Any CPU.ActiveCfg = Debug|Any CPU
		{9DC76912-58A5-480E-B0B4-CBFA6C9BDEE0}.Debug|Any CPU.Build.0 = Debug|Any CPU
		{9DC76912-58A5-480E-B0B4-CBFA6C9BDEE0}.Release|Any CPU.ActiveCfg = Release|Any CPU
		{9DC76912-58A5-480E-B0B4-CBFA6C9BDEE0}.Release|Any CPU.Build.0 = Release|Any CPU
	EndGlobalSection
	GlobalSection(SolutionProperties) = preSolution
		HideSolutionNode = FALSE
	EndGlobalSection
	GlobalSection(ExtensibilityGlobals) = postSolution
		SolutionGuid = {CC98F1FA-EB02-4BF8-8366-1F2D1FF4583F}
	EndGlobalSection
EndGlobal
