
Microsoft Visual Studio Solution File, Format Version 12.00
# Visual Studio Version 17
VisualStudioVersion = 17.13.35828.75 d17.13
MinimumVisualStudioVersion = 10.0.40219.1
Project("{FAE04EC0-301F-11D3-BF4B-00C04F79EFBC}") = "DecimalToBinary", "DecimalToBinary\DecimalToBinary.csproj", "{08155684-10A9-4509-8193-C7CF66371402}"
EndProject
Global
	GlobalSection(SolutionConfigurationPlatforms) = preSolution
		Debug|Any CPU = Debug|Any CPU
		Release|Any CPU = Release|Any CPU
	EndGlobalSection
	GlobalSection(ProjectConfigurationPlatforms) = postSolution
		{08155684-10A9-4509-8193-C7CF66371402}.Debug|Any CPU.ActiveCfg = Debug|Any CPU
		{08155684-10A9-4509-8193-C7CF66371402}.Debug|Any CPU.Build.0 = Debug|Any CPU
		{08155684-10A9-4509-8193-C7CF66371402}.Release|Any CPU.ActiveCfg = Release|Any CPU
		{08155684-10A9-4509-8193-C7CF66371402}.Release|Any CPU.Build.0 = Release|Any CPU
	EndGlobalSection
	GlobalSection(SolutionProperties) = preSolution
		HideSolutionNode = FALSE
	EndGlobalSection
	GlobalSection(ExtensibilityGlobals) = postSolution
		SolutionGuid = {593B6BE1-7F11-499F-811B-1B56CE52FD20}
	EndGlobalSection
EndGlobal
